
Microsoft Visual Studio Solution File, Format Version 12.00
# Visual Studio Version 16
VisualStudioVersion = 16.0.31624.102
MinimumVisualStudioVersion = 10.0.40219.1
Project("{FAE04EC0-301F-11D3-BF4B-00C04F79EFBC}") = "veryhelpfulsystem", "veryhelpfulsystem\veryhelpfulsystem.csproj", "{00AA3F46-EFED-4EA4-B2BD-531B3B5E01DC}"
EndProject
Global
	GlobalSection(SolutionConfigurationPlatforms) = preSolution
		Debug|Any CPU = Debug|Any CPU
		Release|Any CPU = Release|Any CPU
	EndGlobalSection
	GlobalSection(ProjectConfigurationPlatforms) = postSolution
		{00AA3F46-EFED-4EA4-B2BD-531B3B5E01DC}.Debug|Any CPU.ActiveCfg = Debug|Any CPU
		{00AA3F46-EFED-4EA4-B2BD-531B3B5E01DC}.Debug|Any CPU.Build.0 = Debug|Any CPU
		{00AA3F46-EFED-4EA4-B2BD-531B3B5E01DC}.Release|Any CPU.ActiveCfg = Release|Any CPU
		{00AA3F46-EFED-4EA4-B2BD-531B3B5E01DC}.Release|Any CPU.Build.0 = Release|Any CPU
	EndGlobalSection
	GlobalSection(SolutionProperties) = preSolution
		HideSolutionNode = FALSE
	EndGlobalSection
	GlobalSection(ExtensibilityGlobals) = postSolution
		SolutionGuid = {86C2AB7C-6329-4269-8263-E633885BD004}
	EndGlobalSection
EndGlobal
